
Microsoft Visual Studio Solution File, Format Version 12.00
# Visual Studio Version 16
VisualStudioVersion = 16.0.31613.86
MinimumVisualStudioVersion = 10.0.40219.1
Project("{FAE04EC0-301F-11D3-BF4B-00C04F79EFBC}") = "NorthWind", "NorthWind\NorthWind.csproj", "{2C959417-EDD0-49FD-979B-CD4036EBF721}"
EndProject
Global
	GlobalSection(SolutionConfigurationPlatforms) = preSolution
		Debug|Any CPU = Debug|Any CPU
		Release|Any CPU = Release|Any CPU
	EndGlobalSection
	GlobalSection(ProjectConfigurationPlatforms) = postSolution
		{2C959417-EDD0-49FD-979B-CD4036EBF721}.Debug|Any CPU.ActiveCfg = Debug|Any CPU
		{2C959417-EDD0-49FD-979B-CD4036EBF721}.Debug|Any CPU.Build.0 = Debug|Any CPU
		{2C959417-EDD0-49FD-979B-CD4036EBF721}.Release|Any CPU.ActiveCfg = Release|Any CPU
		{2C959417-EDD0-49FD-979B-CD4036EBF721}.Release|Any CPU.Build.0 = Release|Any CPU
	EndGlobalSection
	GlobalSection(SolutionProperties) = preSolution
		HideSolutionNode = FALSE
	EndGlobalSection
	GlobalSection(ExtensibilityGlobals) = postSolution
		SolutionGuid = {6C782291-6420-4329-82AE-2C8AFCCA8912}
	EndGlobalSection
EndGlobal
